
Microsoft Visual Studio Solution File, Format Version 12.00
# Visual Studio Version 17
VisualStudioVersion = 17.11.35219.272
MinimumVisualStudioVersion = 10.0.40219.1
Project("{FAE04EC0-301F-11D3-BF4B-00C04F79EFBC}") = "CRUD_Entity", "CRUD_Entity.csproj", "{4235D890-1AB4-47EB-B507-08C53DC77A01}"
EndProject
Global
	GlobalSection(SolutionConfigurationPlatforms) = preSolution
		Debug|Any CPU = Debug|Any CPU
		Release|Any CPU = Release|Any CPU
	EndGlobalSection
	GlobalSection(ProjectConfigurationPlatforms) = postSolution
		{4235D890-1AB4-47EB-B507-08C53DC77A01}.Debug|Any CPU.ActiveCfg = Debug|Any CPU
		{4235D890-1AB4-47EB-B507-08C53DC77A01}.Debug|Any CPU.Build.0 = Debug|Any CPU
		{4235D890-1AB4-47EB-B507-08C53DC77A01}.Release|Any CPU.ActiveCfg = Release|Any CPU
		{4235D890-1AB4-47EB-B507-08C53DC77A01}.Release|Any CPU.Build.0 = Release|Any CPU
	EndGlobalSection
	GlobalSection(SolutionProperties) = preSolution
		HideSolutionNode = FALSE
	EndGlobalSection
	GlobalSection(ExtensibilityGlobals) = postSolution
		SolutionGuid = {F0BCEC40-942E-41A7-97C3-1AD1F161CBCE}
	EndGlobalSection
EndGlobal
